{
  "lockfile_version": "1",
  "packages": {
    "dasel@latest": {
      "last_modified": "2024-04-19T21:36:04Z",
      "resolved": "github:NixOS/nixpkgs/92d295f588631b0db2da509f381b4fb1e74173c5#dasel",
      "source": "devbox-search",
      "version": "2.7.0",
      "systems": {
        "aarch64-darwin": {
          "outputs": [
            {
              "name": "out",
              "path": "/nix/store/c3bs3wd71cq7bzpqg2mkwrhd2fj10m3g-dasel-2.7.0",
              "default": true
            }
          ],
          "store_path": "/nix/store/c3bs3wd71cq7bzpqg2mkwrhd2fj10m3g-dasel-2.7.0"
        },
        "aarch64-linux": {
          "outputs": [
            {
              "name": "out",
              "path": "/nix/store/v0ac7y30jxlwqb90vd5a2xma32zpfcrr-dasel-2.7.0",
              "default": true
            }
          ],
          "store_path": "/nix/store/v0ac7y30jxlwqb90vd5a2xma32zpfcrr-dasel-2.7.0"
        },
        "x86_64-darwin": {
          "outputs": [
            {
              "name": "out",
              "path": "/nix/store/1l0ifbv3m7r26a0yk67brnx87cvl0al2-dasel-2.7.0",
              "default": true
            }
          ],
          "store_path": "/nix/store/1l0ifbv3m7r26a0yk67brnx87cvl0al2-dasel-2.7.0"
        },
        "x86_64-linux": {
          "outputs": [
            {
              "name": "out",
              "path": "/nix/store/x4zjcg7igmwb9mxmvxxcynhgv5602cxx-dasel-2.7.0",
              "default": true
            }
          ],
          "store_path": "/nix/store/x4zjcg7igmwb9mxmvxxcynhgv5602cxx-dasel-2.7.0"
        }
      }
    },
    "hyperfine@latest": {
      "last_modified": "2024-05-01T20:12:28Z",
      "resolved": "github:NixOS/nixpkgs/1c74cc292b61614e74c1cf0d372f79d57fb4936b#hyperfine",
      "source": "devbox-search",
      "version": "1.18.0",
      "systems": {
        "aarch64-darwin": {
          "outputs": [
            {
              "name": "out",
              "path": "/nix/store/9mjbjdwqk754mnf7a1q001xhsx9rhhxj-hyperfine-1.18.0",
              "default": true
            }
          ],
          "store_path": "/nix/store/9mjbjdwqk754mnf7a1q001xhsx9rhhxj-hyperfine-1.18.0"
        },
        "aarch64-linux": {
          "outputs": [
            {
              "name": "out",
              "path": "/nix/store/rl8kabsknacgh7fglxxfx33szcfz2mjp-hyperfine-1.18.0",
              "default": true
            }
          ],
          "store_path": "/nix/store/rl8kabsknacgh7fglxxfx33szcfz2mjp-hyperfine-1.18.0"
        },
        "x86_64-darwin": {
          "outputs": [
            {
              "name": "out",
              "path": "/nix/store/9xzda2lsilpvlbclbk2yn4gmlygqvmk1-hyperfine-1.18.0",
              "default": true
            }
          ],
          "store_path": "/nix/store/9xzda2lsilpvlbclbk2yn4gmlygqvmk1-hyperfine-1.18.0"
        },
        "x86_64-linux": {
          "outputs": [
            {
              "name": "out",
              "path": "/nix/store/g80fnd88zyz3npwqm6n4fy4lmx5q219i-hyperfine-1.18.0",
              "default": true
            }
          ],
          "store_path": "/nix/store/g80fnd88zyz3npwqm6n4fy4lmx5q219i-hyperfine-1.18.0"
        }
      }
    },
    "jnv@latest": {
      "last_modified": "2024-05-06T23:18:04Z",
      "resolved": "github:NixOS/nixpkgs/ad7efee13e0d216bf29992311536fce1d3eefbef#jnv",
      "source": "devbox-search",
      "version": "0.2.2",
      "systems": {
        "aarch64-darwin": {
          "outputs": [
            {
              "name": "out",
              "path": "/nix/store/azwlh1xijrd5nmi79n591nzw9n5f66ib-jnv-0.2.2",
              "default": true
            }
          ],
          "store_path": "/nix/store/azwlh1xijrd5nmi79n591nzw9n5f66ib-jnv-0.2.2"
        },
        "aarch64-linux": {
          "outputs": [
            {
              "name": "out",
              "path": "/nix/store/gyj3cd6lrg6i4889n3rp23jv7qqwr9bf-jnv-0.2.2",
              "default": true
            }
          ],
          "store_path": "/nix/store/gyj3cd6lrg6i4889n3rp23jv7qqwr9bf-jnv-0.2.2"
        },
        "x86_64-darwin": {
          "outputs": [
            {
              "name": "out",
              "path": "/nix/store/bylkmrrfskb8ccxpws234k9h7bd6bq3j-jnv-0.2.2",
              "default": true
            }
          ],
          "store_path": "/nix/store/bylkmrrfskb8ccxpws234k9h7bd6bq3j-jnv-0.2.2"
        },
        "x86_64-linux": {
          "outputs": [
            {
              "name": "out",
              "path": "/nix/store/31ybarvpmy1hzkjmicinplnf1c6mfr5c-jnv-0.2.2",
              "default": true
            }
          ],
          "store_path": "/nix/store/31ybarvpmy1hzkjmicinplnf1c6mfr5c-jnv-0.2.2"
        }
      }
    },
    "tokei@latest": {
      "last_modified": "2024-05-01T20:12:28Z",
      "resolved": "github:NixOS/nixpkgs/1c74cc292b61614e74c1cf0d372f79d57fb4936b#tokei",
      "source": "devbox-search",
      "version": "12.1.2",
      "systems": {
        "aarch64-darwin": {
          "outputs": [
            {
              "name": "out",
              "path": "/nix/store/a66q1iwb84clj4pj9027vgk7fqiphhhw-tokei-12.1.2",
              "default": true
            }
          ],
          "store_path": "/nix/store/a66q1iwb84clj4pj9027vgk7fqiphhhw-tokei-12.1.2"
        },
        "aarch64-linux": {
          "outputs": [
            {
              "name": "out",
              "path": "/nix/store/rdzavg1ncn09j7sn6n23b1hgpsnhydhy-tokei-12.1.2",
              "default": true
            }
          ],
          "store_path": "/nix/store/rdzavg1ncn09j7sn6n23b1hgpsnhydhy-tokei-12.1.2"
        },
        "x86_64-darwin": {
          "outputs": [
            {
              "name": "out",
              "path": "/nix/store/j9w0nsm2dxampz6fbggardbvf32fxdnd-tokei-12.1.2",
              "default": true
            }
          ],
          "store_path": "/nix/store/j9w0nsm2dxampz6fbggardbvf32fxdnd-tokei-12.1.2"
        },
        "x86_64-linux": {
          "outputs": [
            {
              "name": "out",
              "path": "/nix/store/q6xdcnmbd6y6hcm13v6wdf892r0rzim6-tokei-12.1.2",
              "default": true
            }
          ],
          "store_path": "/nix/store/q6xdcnmbd6y6hcm13v6wdf892r0rzim6-tokei-12.1.2"
        }
      }
    },
    "usql@latest": {
      "last_modified": "2024-04-19T21:36:04Z",
      "resolved": "github:NixOS/nixpkgs/92d295f588631b0db2da509f381b4fb1e74173c5#usql",
      "source": "devbox-search",
      "version": "0.18.1",
      "systems": {
        "aarch64-darwin": {
          "outputs": [
            {
              "name": "out",
              "path": "/nix/store/qjqz3iafymjwgh0c09fxl1zyr4mpmaqc-usql-0.18.1",
              "default": true
            }
          ],
          "store_path": "/nix/store/qjqz3iafymjwgh0c09fxl1zyr4mpmaqc-usql-0.18.1"
        },
        "aarch64-linux": {
          "outputs": [
            {
              "name": "out",
              "path": "/nix/store/cvshkpp0l1wbd2c8nnd5xvhmvnsd3cpn-usql-0.18.1",
              "default": true
            }
          ],
          "store_path": "/nix/store/cvshkpp0l1wbd2c8nnd5xvhmvnsd3cpn-usql-0.18.1"
        },
        "x86_64-darwin": {
          "outputs": [
            {
              "name": "out",
              "path": "/nix/store/acfp9736cmsya6wqidrdpq7zp3ysnzwg-usql-0.18.1",
              "default": true
            }
          ],
          "store_path": "/nix/store/acfp9736cmsya6wqidrdpq7zp3ysnzwg-usql-0.18.1"
        },
        "x86_64-linux": {
          "outputs": [
            {
              "name": "out",
              "path": "/nix/store/dm6ffxg3p7i1f0f49bdqj6qiqam50bnj-usql-0.18.1",
              "default": true
            }
          ],
          "store_path": "/nix/store/dm6ffxg3p7i1f0f49bdqj6qiqam50bnj-usql-0.18.1"
        }
      }
    }
  }
}
